
Microsoft Visual Studio Solution File, Format Version 12.00
# Visual Studio Version 17
VisualStudioVersion = 17.1.32328.378
MinimumVisualStudioVersion = 10.0.40219.1
Project("{FAE04EC0-301F-11D3-BF4B-00C04F79EFBC}") = "RabbitMQ.Consumer", "RabbitMQ.Consumer\RabbitMQ.Consumer.csproj", "{F8729F33-F933-4A5E-A00E-9F617CD79EE6}"
EndProject
Global
	GlobalSection(SolutionConfigurationPlatforms) = preSolution
		Debug|Any CPU = Debug|Any CPU
		Release|Any CPU = Release|Any CPU
	EndGlobalSection
	GlobalSection(ProjectConfigurationPlatforms) = postSolution
		{F8729F33-F933-4A5E-A00E-9F617CD79EE6}.Debug|Any CPU.ActiveCfg = Debug|Any CPU
		{F8729F33-F933-4A5E-A00E-9F617CD79EE6}.Debug|Any CPU.Build.0 = Debug|Any CPU
		{F8729F33-F933-4A5E-A00E-9F617CD79EE6}.Release|Any CPU.ActiveCfg = Release|Any CPU
		{F8729F33-F933-4A5E-A00E-9F617CD79EE6}.Release|Any CPU.Build.0 = Release|Any CPU
	EndGlobalSection
	GlobalSection(SolutionProperties) = preSolution
		HideSolutionNode = FALSE
	EndGlobalSection
	GlobalSection(ExtensibilityGlobals) = postSolution
		SolutionGuid = {28B0DB82-7407-49BC-9580-E6AE3E095161}
	EndGlobalSection
EndGlobal
